// !$*UTF8*$!
{
	archiveVersion = 1;
	classes = {
	};
	objectVersion = 55;
	objects = {

/* Begin PBXBuildFile section */
		522B33C1271E55D1000794E1 /* Blob.swift in Sources */ = {isa = PBXBuildFile; fileRef = 522B33C0271E55D1000794E1 /* Blob.swift */; };
		522B33C3271E576E000794E1 /* GameGrid.swift in Sources */ = {isa = PBXBuildFile; fileRef = 522B33C2271E576E000794E1 /* GameGrid.swift */; };
		522B33C5271E5A2F000794E1 /* Tile.swift in Sources */ = {isa = PBXBuildFile; fileRef = 522B33C4271E5A2F000794E1 /* Tile.swift */; };
		52349F06272B93B90070991C /* jump.mp3 in Resources */ = {isa = PBXBuildFile; fileRef = 52349EFD272B93B90070991C /* jump.mp3 */; };
		52349F07272B93B90070991C /* jump-4.mp3 in Resources */ = {isa = PBXBuildFile; fileRef = 52349EFE272B93B90070991C /* jump-4.mp3 */; };
		52349F08272B93B90070991C /* jump-3.mp3 in Resources */ = {isa = PBXBuildFile; fileRef = 52349EFF272B93B90070991C /* jump-3.mp3 */; };
		52349F09272B93B90070991C /* tune.mp3 in Resources */ = {isa = PBXBuildFile; fileRef = 52349F00272B93B90070991C /* tune.mp3 */; };
		52349F0A272B93B90070991C /* jump-2.mp3 in Resources */ = {isa = PBXBuildFile; fileRef = 52349F01272B93B90070991C /* jump-2.mp3 */; };
		52349F0B272B93B90070991C /* lift.mp3 in Resources */ = {isa = PBXBuildFile; fileRef = 52349F02272B93B90070991C /* lift.mp3 */; };
		52349F0C272B93B90070991C /* prize.mp3 in Resources */ = {isa = PBXBuildFile; fileRef = 52349F03272B93B90070991C /* prize.mp3 */; };
		52349F0D272B93B90070991C /* fall.mp3 in Resources */ = {isa = PBXBuildFile; fileRef = 52349F04272B93B90070991C /* fall.mp3 */; };
		52349F0E272B93B90070991C /* speech-2.mp3 in Resources */ = {isa = PBXBuildFile; fileRef = 52349F05272B93B90070991C /* speech-2.mp3 */; };
		52349F10272B95170070991C /* swear.mp3 in Resources */ = {isa = PBXBuildFile; fileRef = 52349F0F272B95170070991C /* swear.mp3 */; };
		524073E3272CDA180069882C /* coin.mp3 in Resources */ = {isa = PBXBuildFile; fileRef = 524073E2272CDA180069882C /* coin.mp3 */; };
		524073E5272CDA5E0069882C /* tune-2.mp3 in Resources */ = {isa = PBXBuildFile; fileRef = 524073E4272CDA5E0069882C /* tune-2.mp3 */; };
		524E3FBE2752860C002313C7 /* EndlessScene.sks in Resources */ = {isa = PBXBuildFile; fileRef = 524E3FBD2752860C002313C7 /* EndlessScene.sks */; };
		524E3FC02752868C002313C7 /* EndlessScene.swift in Sources */ = {isa = PBXBuildFile; fileRef = 524E3FBF2752868C002313C7 /* EndlessScene.swift */; };
		52577802271A7C7600598A2A /* AppDelegate.swift in Sources */ = {isa = PBXBuildFile; fileRef = 52577801271A7C7600598A2A /* AppDelegate.swift */; };
		52577804271A7C7600598A2A /* GameScene.sks in Resources */ = {isa = PBXBuildFile; fileRef = 52577803271A7C7600598A2A /* GameScene.sks */; };
		52577806271A7C7600598A2A /* Actions.sks in Resources */ = {isa = PBXBuildFile; fileRef = 52577805271A7C7600598A2A /* Actions.sks */; };
		52577808271A7C7600598A2A /* GameScene.swift in Sources */ = {isa = PBXBuildFile; fileRef = 52577807271A7C7600598A2A /* GameScene.swift */; };
		5257780A271A7C7600598A2A /* GameViewController.swift in Sources */ = {isa = PBXBuildFile; fileRef = 52577809271A7C7600598A2A /* GameViewController.swift */; };
		5257780D271A7C7600598A2A /* Main.storyboard in Resources */ = {isa = PBXBuildFile; fileRef = 5257780B271A7C7600598A2A /* Main.storyboard */; };
		5257780F271A7C7700598A2A /* Assets.xcassets in Resources */ = {isa = PBXBuildFile; fileRef = 5257780E271A7C7700598A2A /* Assets.xcassets */; };
		52577812271A7C7700598A2A /* LaunchScreen.storyboard in Resources */ = {isa = PBXBuildFile; fileRef = 52577810271A7C7700598A2A /* LaunchScreen.storyboard */; };
		5274357C27248C6C0044345B /* ObserverSystem.swift in Sources */ = {isa = PBXBuildFile; fileRef = 5274357B27248C6C0044345B /* ObserverSystem.swift */; };
		5274357E272506440044345B /* QbertClass.swift in Sources */ = {isa = PBXBuildFile; fileRef = 5274357D272506440044345B /* QbertClass.swift */; };
		5288BB34271FB41200F06698 /* disk.atlas in Resources */ = {isa = PBXBuildFile; fileRef = 5288BB33271FB41200F06698 /* disk.atlas */; };
		5288BB362720FBF300F06698 /* Sid.swift in Sources */ = {isa = PBXBuildFile; fileRef = 5288BB352720FBF300F06698 /* Sid.swift */; };
		5288BB3A272128B600F06698 /* sid.atlas in Resources */ = {isa = PBXBuildFile; fileRef = 5288BB39272128B600F06698 /* sid.atlas */; };
/* End PBXBuildFile section */

/* Begin PBXFileReference section */
		522B33C0271E55D1000794E1 /* Blob.swift */ = {isa = PBXFileReference; lastKnownFileType = sourcecode.swift; path = Blob.swift; sourceTree = "<group>"; };
		522B33C2271E576E000794E1 /* GameGrid.swift */ = {isa = PBXFileReference; lastKnownFileType = sourcecode.swift; path = GameGrid.swift; sourceTree = "<group>"; };
		522B33C4271E5A2F000794E1 /* Tile.swift */ = {isa = PBXFileReference; lastKnownFileType = sourcecode.swift; path = Tile.swift; sourceTree = "<group>"; };
		52349EFD272B93B90070991C /* jump.mp3 */ = {isa = PBXFileReference; lastKnownFileType = audio.mp3; path = jump.mp3; sourceTree = "<group>"; };
		52349EFE272B93B90070991C /* jump-4.mp3 */ = {isa = PBXFileReference; lastKnownFileType = audio.mp3; path = "jump-4.mp3"; sourceTree = "<group>"; };
		52349EFF272B93B90070991C /* jump-3.mp3 */ = {isa = PBXFileReference; lastKnownFileType = audio.mp3; path = "jump-3.mp3"; sourceTree = "<group>"; };
		52349F00272B93B90070991C /* tune.mp3 */ = {isa = PBXFileReference; lastKnownFileType = audio.mp3; path = tune.mp3; sourceTree = "<group>"; };
		52349F01272B93B90070991C /* jump-2.mp3 */ = {isa = PBXFileReference; lastKnownFileType = audio.mp3; path = "jump-2.mp3"; sourceTree = "<group>"; };
		52349F02272B93B90070991C /* lift.mp3 */ = {isa = PBXFileReference; lastKnownFileType = audio.mp3; path = lift.mp3; sourceTree = "<group>"; };
		52349F03272B93B90070991C /* prize.mp3 */ = {isa = PBXFileReference; lastKnownFileType = audio.mp3; path = prize.mp3; sourceTree = "<group>"; };
		52349F04272B93B90070991C /* fall.mp3 */ = {isa = PBXFileReference; lastKnownFileType = audio.mp3; path = fall.mp3; sourceTree = "<group>"; };
		52349F05272B93B90070991C /* speech-2.mp3 */ = {isa = PBXFileReference; lastKnownFileType = audio.mp3; path = "speech-2.mp3"; sourceTree = "<group>"; };
		52349F0F272B95170070991C /* swear.mp3 */ = {isa = PBXFileReference; lastKnownFileType = audio.mp3; path = swear.mp3; sourceTree = "<group>"; };
		524073E2272CDA180069882C /* coin.mp3 */ = {isa = PBXFileReference; lastKnownFileType = audio.mp3; path = coin.mp3; sourceTree = "<group>"; };
		524073E4272CDA5E0069882C /* tune-2.mp3 */ = {isa = PBXFileReference; lastKnownFileType = audio.mp3; path = "tune-2.mp3"; sourceTree = "<group>"; };
		524073E6272CE37B0069882C /* Info.plist */ = {isa = PBXFileReference; lastKnownFileType = text.plist; path = Info.plist; sourceTree = "<group>"; };
		524E3FBD2752860C002313C7 /* EndlessScene.sks */ = {isa = PBXFileReference; lastKnownFileType = file.sks; path = EndlessScene.sks; sourceTree = "<group>"; };
		524E3FBF2752868C002313C7 /* EndlessScene.swift */ = {isa = PBXFileReference; lastKnownFileType = sourcecode.swift; path = EndlessScene.swift; sourceTree = "<group>"; };
		525777FE271A7C7600598A2A /* RyBert.app */ = {isa = PBXFileReference; explicitFileType = wrapper.application; includeInIndex = 0; path = RyBert.app; sourceTree = BUILT_PRODUCTS_DIR; };
		52577801271A7C7600598A2A /* AppDelegate.swift */ = {isa = PBXFileReference; lastKnownFileType = sourcecode.swift; path = AppDelegate.swift; sourceTree = "<group>"; };
		52577803271A7C7600598A2A /* GameScene.sks */ = {isa = PBXFileReference; lastKnownFileType = file.sks; path = GameScene.sks; sourceTree = "<group>"; };
		52577805271A7C7600598A2A /* Actions.sks */ = {isa = PBXFileReference; lastKnownFileType = file.sks; path = Actions.sks; sourceTree = "<group>"; };
		52577807271A7C7600598A2A /* GameScene.swift */ = {isa = PBXFileReference; lastKnownFileType = sourcecode.swift; path = GameScene.swift; sourceTree = "<group>"; };
		52577809271A7C7600598A2A /* GameViewController.swift */ = {isa = PBXFileReference; lastKnownFileType = sourcecode.swift; path = GameViewController.swift; sourceTree = "<group>"; };
		5257780C271A7C7600598A2A /* Base */ = {isa = PBXFileReference; lastKnownFileType = file.storyboard; name = Base; path = Base.lproj/Main.storyboard; sourceTree = "<group>"; };
		5257780E271A7C7700598A2A /* Assets.xcassets */ = {isa = PBXFileReference; lastKnownFileType = folder.assetcatalog; path = Assets.xcassets; sourceTree = "<group>"; };
		52577811271A7C7700598A2A /* Base */ = {isa = PBXFileReference; lastKnownFileType = file.storyboard; name = Base; path = Base.lproj/LaunchScreen.storyboard; sourceTree = "<group>"; };
		5274357B27248C6C0044345B /* ObserverSystem.swift */ = {isa = PBXFileReference; lastKnownFileType = sourcecode.swift; path = ObserverSystem.swift; sourceTree = "<group>"; };
		5274357D272506440044345B /* QbertClass.swift */ = {isa = PBXFileReference; lastKnownFileType = sourcecode.swift; path = QbertClass.swift; sourceTree = "<group>"; };
		5288BB33271FB41200F06698 /* disk.atlas */ = {isa = PBXFileReference; lastKnownFileType = folder.skatlas; path = disk.atlas; sourceTree = "<group>"; };
		5288BB352720FBF300F06698 /* Sid.swift */ = {isa = PBXFileReference; lastKnownFileType = sourcecode.swift; path = Sid.swift; sourceTree = "<group>"; };
		5288BB39272128B600F06698 /* sid.atlas */ = {isa = PBXFileReference; lastKnownFileType = folder.skatlas; path = sid.atlas; sourceTree = "<group>"; };
		5288BB3B2721A5A300F06698 /* README.md */ = {isa = PBXFileReference; lastKnownFileType = net.daringfireball.markdown; path = README.md; sourceTree = "<group>"; };
/* End PBXFileReference section */

/* Begin PBXFrameworksBuildPhase section */
		525777FB271A7C7600598A2A /* Frameworks */ = {
			isa = PBXFrameworksBuildPhase;
			buildActionMask = 2147483647;
			files = (
			);
			runOnlyForDeploymentPostprocessing = 0;
		};
/* End PBXFrameworksBuildPhase section */

/* Begin PBXGroup section */
		52349EFC272B93AC0070991C /* sounds */ = {
			isa = PBXGroup;
			children = (
				52349F0F272B95170070991C /* swear.mp3 */,
				524073E2272CDA180069882C /* coin.mp3 */,
				52349F04272B93B90070991C /* fall.mp3 */,
				52349F01272B93B90070991C /* jump-2.mp3 */,
				52349EFF272B93B90070991C /* jump-3.mp3 */,
				52349EFE272B93B90070991C /* jump-4.mp3 */,
				52349EFD272B93B90070991C /* jump.mp3 */,
				52349F02272B93B90070991C /* lift.mp3 */,
				52349F03272B93B90070991C /* prize.mp3 */,
				52349F05272B93B90070991C /* speech-2.mp3 */,
				52349F00272B93B90070991C /* tune.mp3 */,
				524073E4272CDA5E0069882C /* tune-2.mp3 */,
			);
			path = sounds;
			sourceTree = "<group>";
		};
		525777F5271A7C7600598A2A = {
			isa = PBXGroup;
			children = (
				5288BB3B2721A5A300F06698 /* README.md */,
				52577800271A7C7600598A2A /* RyBert */,
				525777FF271A7C7600598A2A /* Products */,
			);
			sourceTree = "<group>";
		};
		525777FF271A7C7600598A2A /* Products */ = {
			isa = PBXGroup;
			children = (
				525777FE271A7C7600598A2A /* RyBert.app */,
			);
			name = Products;
			sourceTree = "<group>";
		};
		52577800271A7C7600598A2A /* RyBert */ = {
			isa = PBXGroup;
			children = (
				524073E6272CE37B0069882C /* Info.plist */,
				52349EFC272B93AC0070991C /* sounds */,
				5288BB39272128B600F06698 /* sid.atlas */,
				5288BB33271FB41200F06698 /* disk.atlas */,
				52577801271A7C7600598A2A /* AppDelegate.swift */,
				52577803271A7C7600598A2A /* GameScene.sks */,
				524E3FBD2752860C002313C7 /* EndlessScene.sks */,
				52577805271A7C7600598A2A /* Actions.sks */,
				5274357D272506440044345B /* QbertClass.swift */,
				5288BB352720FBF300F06698 /* Sid.swift */,
				52577807271A7C7600598A2A /* GameScene.swift */,
				524E3FBF2752868C002313C7 /* EndlessScene.swift */,
				522B33C2271E576E000794E1 /* GameGrid.swift */,
				522B33C4271E5A2F000794E1 /* Tile.swift */,
				522B33C0271E55D1000794E1 /* Blob.swift */,
				52577809271A7C7600598A2A /* GameViewController.swift */,
				5257780B271A7C7600598A2A /* Main.storyboard */,
				5257780E271A7C7700598A2A /* Assets.xcassets */,
				52577810271A7C7700598A2A /* LaunchScreen.storyboard */,
				5274357B27248C6C0044345B /* ObserverSystem.swift */,
			);
			path = RyBert;
			sourceTree = "<group>";
		};
/* End PBXGroup section */

/* Begin PBXNativeTarget section */
		525777FD271A7C7600598A2A /* RyBert */ = {
			isa = PBXNativeTarget;
			buildConfigurationList = 52577815271A7C7700598A2A /* Build configuration list for PBXNativeTarget "RyBert" */;
			buildPhases = (
				525777FA271A7C7600598A2A /* Sources */,
				525777FB271A7C7600598A2A /* Frameworks */,
				525777FC271A7C7600598A2A /* Resources */,
			);
			buildRules = (
			);
			dependencies = (
			);
			name = RyBert;
			productName = RyBert;
			productReference = 525777FE271A7C7600598A2A /* RyBert.app */;
			productType = "com.apple.product-type.application";
		};
/* End PBXNativeTarget section */

/* Begin PBXProject section */
		525777F6271A7C7600598A2A /* Project object */ = {
			isa = PBXProject;
			attributes = {
				BuildIndependentTargetsInParallel = 1;
				LastSwiftUpdateCheck = 1300;
				LastUpgradeCheck = 1300;
				TargetAttributes = {
					525777FD271A7C7600598A2A = {
						CreatedOnToolsVersion = 13.0;
					};
				};
			};
			buildConfigurationList = 525777F9271A7C7600598A2A /* Build configuration list for PBXProject "RyBert" */;
			compatibilityVersion = "Xcode 13.0";
			developmentRegion = en;
			hasScannedForEncodings = 0;
			knownRegions = (
				en,
				Base,
			);
			mainGroup = 525777F5271A7C7600598A2A;
			productRefGroup = 525777FF271A7C7600598A2A /* Products */;
			projectDirPath = "";
			projectRoot = "";
			targets = (
				525777FD271A7C7600598A2A /* RyBert */,
			);
		};
/* End PBXProject section */

/* Begin PBXResourcesBuildPhase section */
		525777FC271A7C7600598A2A /* Resources */ = {
			isa = PBXResourcesBuildPhase;
			buildActionMask = 2147483647;
			files = (
				5257780D271A7C7600598A2A /* Main.storyboard in Resources */,
				52349F0E272B93B90070991C /* speech-2.mp3 in Resources */,
				52349F0C272B93B90070991C /* prize.mp3 in Resources */,
				52349F09272B93B90070991C /* tune.mp3 in Resources */,
				52577804271A7C7600598A2A /* GameScene.sks in Resources */,
				52349F07272B93B90070991C /* jump-4.mp3 in Resources */,
				52349F06272B93B90070991C /* jump.mp3 in Resources */,
				52349F08272B93B90070991C /* jump-3.mp3 in Resources */,
				5257780F271A7C7700598A2A /* Assets.xcassets in Resources */,
				52349F0A272B93B90070991C /* jump-2.mp3 in Resources */,
				5288BB3A272128B600F06698 /* sid.atlas in Resources */,
				524E3FBE2752860C002313C7 /* EndlessScene.sks in Resources */,
				524073E3272CDA180069882C /* coin.mp3 in Resources */,
				52577812271A7C7700598A2A /* LaunchScreen.storyboard in Resources */,
				52349F10272B95170070991C /* swear.mp3 in Resources */,
				524073E5272CDA5E0069882C /* tune-2.mp3 in Resources */,
				52349F0D272B93B90070991C /* fall.mp3 in Resources */,
				5288BB34271FB41200F06698 /* disk.atlas in Resources */,
				52577806271A7C7600598A2A /* Actions.sks in Resources */,
				52349F0B272B93B90070991C /* lift.mp3 in Resources */,
			);
			runOnlyForDeploymentPostprocessing = 0;
		};
/* End PBXResourcesBuildPhase section */

/* Begin PBXSourcesBuildPhase section */
		525777FA271A7C7600598A2A /* Sources */ = {
			isa = PBXSourcesBuildPhase;
			buildActionMask = 2147483647;
			files = (
				522B33C1271E55D1000794E1 /* Blob.swift in Sources */,
				524E3FC02752868C002313C7 /* EndlessScene.swift in Sources */,
				52577808271A7C7600598A2A /* GameScene.swift in Sources */,
				5288BB362720FBF300F06698 /* Sid.swift in Sources */,
				522B33C3271E576E000794E1 /* GameGrid.swift in Sources */,
				5274357C27248C6C0044345B /* ObserverSystem.swift in Sources */,
				5257780A271A7C7600598A2A /* GameViewController.swift in Sources */,
				52577802271A7C7600598A2A /* AppDelegate.swift in Sources */,
				5274357E272506440044345B /* QbertClass.swift in Sources */,
				522B33C5271E5A2F000794E1 /* Tile.swift in Sources */,
			);
			runOnlyForDeploymentPostprocessing = 0;
		};
/* End PBXSourcesBuildPhase section */

/* Begin PBXVariantGroup section */
		5257780B271A7C7600598A2A /* Main.storyboard */ = {
			isa = PBXVariantGroup;
			children = (
				5257780C271A7C7600598A2A /* Base */,
			);
			name = Main.storyboard;
			sourceTree = "<group>";
		};
		52577810271A7C7700598A2A /* LaunchScreen.storyboard */ = {
			isa = PBXVariantGroup;
			children = (
				52577811271A7C7700598A2A /* Base */,
			);
			name = LaunchScreen.storyboard;
			sourceTree = "<group>";
		};
/* End PBXVariantGroup section */

/* Begin XCBuildConfiguration section */
		52577813271A7C7700598A2A /* Debug */ = {
			isa = XCBuildConfiguration;
			buildSettings = {
				ALWAYS_SEARCH_USER_PATHS = NO;
				CLANG_ANALYZER_NONNULL = YES;
				CLANG_ANALYZER_NUMBER_OBJECT_CONVERSION = YES_AGGRESSIVE;
				CLANG_CXX_LANGUAGE_STANDARD = "gnu++17";
				CLANG_CXX_LIBRARY = "libc++";
				CLANG_ENABLE_MODULES = YES;
				CLANG_ENABLE_OBJC_ARC = YES;
				CLANG_ENABLE_OBJC_WEAK = YES;
				CLANG_WARN_BLOCK_CAPTURE_AUTORELEASING = YES;
				CLANG_WARN_BOOL_CONVERSION = YES;
				CLANG_WARN_COMMA = YES;
				CLANG_WARN_CONSTANT_CONVERSION = YES;
				CLANG_WARN_DEPRECATED_OBJC_IMPLEMENTATIONS = YES;
				CLANG_WARN_DIRECT_OBJC_ISA_USAGE = YES_ERROR;
				CLANG_WARN_DOCUMENTATION_COMMENTS = YES;
				CLANG_WARN_EMPTY_BODY = YES;
				CLANG_WARN_ENUM_CONVERSION = YES;
				CLANG_WARN_INFINITE_RECURSION = YES;
				CLANG_WARN_INT_CONVERSION = YES;
				CLANG_WARN_NON_LITERAL_NULL_CONVERSION = YES;
				CLANG_WARN_OBJC_IMPLICIT_RETAIN_SELF = YES;
				CLANG_WARN_OBJC_LITERAL_CONVERSION = YES;
				CLANG_WARN_OBJC_ROOT_CLASS = YES_ERROR;
				CLANG_WARN_QUOTED_INCLUDE_IN_FRAMEWORK_HEADER = YES;
				CLANG_WARN_RANGE_LOOP_ANALYSIS = YES;
				CLANG_WARN_STRICT_PROTOTYPES = YES;
				CLANG_WARN_SUSPICIOUS_MOVE = YES;
				CLANG_WARN_UNGUARDED_AVAILABILITY = YES_AGGRESSIVE;
				CLANG_WARN_UNREACHABLE_CODE = YES;
				CLANG_WARN__DUPLICATE_METHOD_MATCH = YES;
				COPY_PHASE_STRIP = NO;
				DEBUG_INFORMATION_FORMAT = dwarf;
				ENABLE_STRICT_OBJC_MSGSEND = YES;
				ENABLE_TESTABILITY = YES;
				GCC_C_LANGUAGE_STANDARD = gnu11;
				GCC_DYNAMIC_NO_PIC = NO;
				GCC_NO_COMMON_BLOCKS = YES;
				GCC_OPTIMIZATION_LEVEL = 0;
				GCC_PREPROCESSOR_DEFINITIONS = (
					"DEBUG=1",
					"$(inherited)",
				);
				GCC_WARN_64_TO_32_BIT_CONVERSION = YES;
				GCC_WARN_ABOUT_RETURN_TYPE = YES_ERROR;
				GCC_WARN_UNDECLARED_SELECTOR = YES;
				GCC_WARN_UNINITIALIZED_AUTOS = YES_AGGRESSIVE;
				GCC_WARN_UNUSED_FUNCTION = YES;
				GCC_WARN_UNUSED_VARIABLE = YES;
				IPHONEOS_DEPLOYMENT_TARGET = 15.0;
				MTL_ENABLE_DEBUG_INFO = INCLUDE_SOURCE;
				MTL_FAST_MATH = YES;
				ONLY_ACTIVE_ARCH = YES;
				SDKROOT = iphoneos;
				SWIFT_ACTIVE_COMPILATION_CONDITIONS = DEBUG;
				SWIFT_OPTIMIZATION_LEVEL = "-Onone";
			};
			name = Debug;
		};
		52577814271A7C7700598A2A /* Release */ = {
			isa = XCBuildConfiguration;
			buildSettings = {
				ALWAYS_SEARCH_USER_PATHS = NO;
				CLANG_ANALYZER_NONNULL = YES;
				CLANG_ANALYZER_NUMBER_OBJECT_CONVERSION = YES_AGGRESSIVE;
				CLANG_CXX_LANGUAGE_STANDARD = "gnu++17";
				CLANG_CXX_LIBRARY = "libc++";
				CLANG_ENABLE_MODULES = YES;
				CLANG_ENABLE_OBJC_ARC = YES;
				CLANG_ENABLE_OBJC_WEAK = YES;
				CLANG_WARN_BLOCK_CAPTURE_AUTORELEASING = YES;
				CLANG_WARN_BOOL_CONVERSION = YES;
				CLANG_WARN_COMMA = YES;
				CLANG_WARN_CONSTANT_CONVERSION = YES;
				CLANG_WARN_DEPRECATED_OBJC_IMPLEMENTATIONS = YES;
				CLANG_WARN_DIRECT_OBJC_ISA_USAGE = YES_ERROR;
				CLANG_WARN_DOCUMENTATION_COMMENTS = YES;
				CLANG_WARN_EMPTY_BODY = YES;
				CLANG_WARN_ENUM_CONVERSION = YES;
				CLANG_WARN_INFINITE_RECURSION = YES;
				CLANG_WARN_INT_CONVERSION = YES;
				CLANG_WARN_NON_LITERAL_NULL_CONVERSION = YES;
				CLANG_WARN_OBJC_IMPLICIT_RETAIN_SELF = YES;
				CLANG_WARN_OBJC_LITERAL_CONVERSION = YES;
				CLANG_WARN_OBJC_ROOT_CLASS = YES_ERROR;
				CLANG_WARN_QUOTED_INCLUDE_IN_FRAMEWORK_HEADER = YES;
				CLANG_WARN_RANGE_LOOP_ANALYSIS = YES;
				CLANG_WARN_STRICT_PROTOTYPES = YES;
				CLANG_WARN_SUSPICIOUS_MOVE = YES;
				CLANG_WARN_UNGUARDED_AVAILABILITY = YES_AGGRESSIVE;
				CLANG_WARN_UNREACHABLE_CODE = YES;
				CLANG_WARN__DUPLICATE_METHOD_MATCH = YES;
				COPY_PHASE_STRIP = NO;
				DEBUG_INFORMATION_FORMAT = "dwarf-with-dsym";
				ENABLE_NS_ASSERTIONS = NO;
				ENABLE_STRICT_OBJC_MSGSEND = YES;
				GCC_C_LANGUAGE_STANDARD = gnu11;
				GCC_NO_COMMON_BLOCKS = YES;
				GCC_WARN_64_TO_32_BIT_CONVERSION = YES;
				GCC_WARN_ABOUT_RETURN_TYPE = YES_ERROR;
				GCC_WARN_UNDECLARED_SELECTOR = YES;
				GCC_WARN_UNINITIALIZED_AUTOS = YES_AGGRESSIVE;
				GCC_WARN_UNUSED_FUNCTION = YES;
				GCC_WARN_UNUSED_VARIABLE = YES;
				IPHONEOS_DEPLOYMENT_TARGET = 15.0;
				MTL_ENABLE_DEBUG_INFO = NO;
				MTL_FAST_MATH = YES;
				SDKROOT = iphoneos;
				SWIFT_COMPILATION_MODE = wholemodule;
				SWIFT_OPTIMIZATION_LEVEL = "-O";
				VALIDATE_PRODUCT = YES;
			};
			name = Release;
		};
		52577816271A7C7700598A2A /* Debug */ = {
			isa = XCBuildConfiguration;
			buildSettings = {
				ASSETCATALOG_COMPILER_APPICON_NAME = AppIcon;
				ASSETCATALOG_COMPILER_GLOBAL_ACCENT_COLOR_NAME = AccentColor;
				CODE_SIGN_STYLE = Automatic;
				CURRENT_PROJECT_VERSION = 7;
				DEVELOPMENT_TEAM = 975T5Y44XD;
				GENERATE_INFOPLIST_FILE = YES;
				INFOPLIST_FILE = RyBert/Info.plist;
				INFOPLIST_KEY_UIApplicationSupportsIndirectInputEvents = YES;
				INFOPLIST_KEY_UILaunchStoryboardName = LaunchScreen;
				INFOPLIST_KEY_UIMainStoryboardFile = Main;
				INFOPLIST_KEY_UIStatusBarHidden = YES;
				INFOPLIST_KEY_UISupportedInterfaceOrientations_iPad = "UIInterfaceOrientationPortrait UIInterfaceOrientationPortraitUpsideDown UIInterfaceOrientationLandscapeLeft UIInterfaceOrientationLandscapeRight";
				INFOPLIST_KEY_UISupportedInterfaceOrientations_iPhone = "UIInterfaceOrientationPortrait UIInterfaceOrientationLandscapeLeft UIInterfaceOrientationLandscapeRight";
				IPHONEOS_DEPLOYMENT_TARGET = 13.6;
				LD_RUNPATH_SEARCH_PATHS = (
					"$(inherited)",
					"@executable_path/Frameworks",
				);
				MARKETING_VERSION = 1.0;
				PRODUCT_BUNDLE_IDENTIFIER = com.craicdesign.rybert;
				PRODUCT_NAME = "$(TARGET_NAME)";
				SWIFT_EMIT_LOC_STRINGS = YES;
				SWIFT_VERSION = 5.0;
				TARGETED_DEVICE_FAMILY = "1,2";
			};
			name = Debug;
		};
		52577817271A7C7700598A2A /* Release */ = {
			isa = XCBuildConfiguration;
			buildSettings = {
				ASSETCATALOG_COMPILER_APPICON_NAME = AppIcon;
				ASSETCATALOG_COMPILER_GLOBAL_ACCENT_COLOR_NAME = AccentColor;
				CODE_SIGN_STYLE = Automatic;
				CURRENT_PROJECT_VERSION = 7;
				DEVELOPMENT_TEAM = 975T5Y44XD;
				GENERATE_INFOPLIST_FILE = YES;
				INFOPLIST_FILE = RyBert/Info.plist;
				INFOPLIST_KEY_UIApplicationSupportsIndirectInputEvents = YES;
				INFOPLIST_KEY_UILaunchStoryboardName = LaunchScreen;
				INFOPLIST_KEY_UIMainStoryboardFile = Main;
				INFOPLIST_KEY_UIStatusBarHidden = YES;
				INFOPLIST_KEY_UISupportedInterfaceOrientations_iPad = "UIInterfaceOrientationPortrait UIInterfaceOrientationPortraitUpsideDown UIInterfaceOrientationLandscapeLeft UIInterfaceOrientationLandscapeRight";
				INFOPLIST_KEY_UISupportedInterfaceOrientations_iPhone = "UIInterfaceOrientationPortrait UIInterfaceOrientationLandscapeLeft UIInterfaceOrientationLandscapeRight";
				IPHONEOS_DEPLOYMENT_TARGET = 13.6;
				LD_RUNPATH_SEARCH_PATHS = (
					"$(inherited)",
					"@executable_path/Frameworks",
				);
				MARKETING_VERSION = 1.0;
				PRODUCT_BUNDLE_IDENTIFIER = com.craicdesign.rybert;
				PRODUCT_NAME = "$(TARGET_NAME)";
				SWIFT_EMIT_LOC_STRINGS = YES;
				SWIFT_VERSION = 5.0;
				TARGETED_DEVICE_FAMILY = "1,2";
			};
			name = Release;
		};
/* End XCBuildConfiguration section */

/* Begin XCConfigurationList section */
		525777F9271A7C7600598A2A /* Build configuration list for PBXProject "RyBert" */ = {
			isa = XCConfigurationList;
			buildConfigurations = (
				52577813271A7C7700598A2A /* Debug */,
				52577814271A7C7700598A2A /* Release */,
			);
			defaultConfigurationIsVisible = 0;
			defaultConfigurationName = Release;
		};
		52577815271A7C7700598A2A /* Build configuration list for PBXNativeTarget "RyBert" */ = {
			isa = XCConfigurationList;
			buildConfigurations = (
				52577816271A7C7700598A2A /* Debug */,
				52577817271A7C7700598A2A /* Release */,
			);
			defaultConfigurationIsVisible = 0;
			defaultConfigurationName = Release;
		};
/* End XCConfigurationList section */
	};
	rootObject = 525777F6271A7C7600598A2A /* Project object */;
}
